
Microsoft Visual Studio Solution File, Format Version 12.00
# Visual Studio 15
VisualStudioVersion = 15.0.35213.121
MinimumVisualStudioVersion = 10.0.40219.1
Project("{FAE04EC0-301F-11D3-BF4B-00C04F79EFBC}") = "FlappyBird", "FlappyBird\FlappyBird.csproj", "{DBF393DF-2CAD-40DA-B47D-9C627999D2AE}"
EndProject
Global
	GlobalSection(SolutionConfigurationPlatforms) = preSolution
		Debug|Any CPU = Debug|Any CPU
		Release|Any CPU = Release|Any CPU
	EndGlobalSection
	GlobalSection(ProjectConfigurationPlatforms) = postSolution
		{DBF393DF-2CAD-40DA-B47D-9C627999D2AE}.Debug|Any CPU.ActiveCfg = Debug|Any CPU
		{DBF393DF-2CAD-40DA-B47D-9C627999D2AE}.Debug|Any CPU.Build.0 = Debug|Any CPU
		{DBF393DF-2CAD-40DA-B47D-9C627999D2AE}.Release|Any CPU.ActiveCfg = Release|Any CPU
		{DBF393DF-2CAD-40DA-B47D-9C627999D2AE}.Release|Any CPU.Build.0 = Release|Any CPU
	EndGlobalSection
	GlobalSection(SolutionProperties) = preSolution
		HideSolutionNode = FALSE
	EndGlobalSection
	GlobalSection(ExtensibilityGlobals) = postSolution
		SolutionGuid = {7F176A22-CD10-4CBC-8EC2-4C903B3684AE}
	EndGlobalSection
EndGlobal
