
Microsoft Visual Studio Solution File, Format Version 12.00
# Visual Studio 15
VisualStudioVersion = 15.0.35213.121
MinimumVisualStudioVersion = 10.0.40219.1
Project("{FAE04EC0-301F-11D3-BF4B-00C04F79EFBC}") = "MazeSolver", "MazeSolver\MazeSolver.csproj", "{2F8E69CD-F8E5-4D55-9AE2-6385253AD000}"
EndProject
Global
	GlobalSection(SolutionConfigurationPlatforms) = preSolution
		Debug|Any CPU = Debug|Any CPU
		Release|Any CPU = Release|Any CPU
	EndGlobalSection
	GlobalSection(ProjectConfigurationPlatforms) = postSolution
		{2F8E69CD-F8E5-4D55-9AE2-6385253AD000}.Debug|Any CPU.ActiveCfg = Debug|Any CPU
		{2F8E69CD-F8E5-4D55-9AE2-6385253AD000}.Debug|Any CPU.Build.0 = Debug|Any CPU
		{2F8E69CD-F8E5-4D55-9AE2-6385253AD000}.Release|Any CPU.ActiveCfg = Release|Any CPU
		{2F8E69CD-F8E5-4D55-9AE2-6385253AD000}.Release|Any CPU.Build.0 = Release|Any CPU
	EndGlobalSection
	GlobalSection(SolutionProperties) = preSolution
		HideSolutionNode = FALSE
	EndGlobalSection
	GlobalSection(ExtensibilityGlobals) = postSolution
		SolutionGuid = {1EDE01C2-22AB-46B2-9089-8A9400F1B2B7}
	EndGlobalSection
EndGlobal
