
Microsoft Visual Studio Solution File, Format Version 12.00
# Visual Studio 15
VisualStudioVersion = 15.0.35213.121
MinimumVisualStudioVersion = 10.0.40219.1
Project("{FAE04EC0-301F-11D3-BF4B-00C04F79EFBC}") = "SpyOrganization", "SpyOrganization\SpyOrganization.csproj", "{35CCC40A-151B-4EF3-ABA7-532CDE0919DF}"
EndProject
Global
	GlobalSection(SolutionConfigurationPlatforms) = preSolution
		Debug|Any CPU = Debug|Any CPU
		Release|Any CPU = Release|Any CPU
	EndGlobalSection
	GlobalSection(ProjectConfigurationPlatforms) = postSolution
		{35CCC40A-151B-4EF3-ABA7-532CDE0919DF}.Debug|Any CPU.ActiveCfg = Debug|Any CPU
		{35CCC40A-151B-4EF3-ABA7-532CDE0919DF}.Debug|Any CPU.Build.0 = Debug|Any CPU
		{35CCC40A-151B-4EF3-ABA7-532CDE0919DF}.Release|Any CPU.ActiveCfg = Release|Any CPU
		{35CCC40A-151B-4EF3-ABA7-532CDE0919DF}.Release|Any CPU.Build.0 = Release|Any CPU
	EndGlobalSection
	GlobalSection(SolutionProperties) = preSolution
		HideSolutionNode = FALSE
	EndGlobalSection
	GlobalSection(ExtensibilityGlobals) = postSolution
		SolutionGuid = {318808EE-A04A-46DC-95BD-5DDAC07AE8C6}
	EndGlobalSection
EndGlobal
