
Microsoft Visual Studio Solution File, Format Version 12.00
# Visual Studio 15
VisualStudioVersion = 15.0.35213.121
MinimumVisualStudioVersion = 10.0.40219.1
Project("{FAE04EC0-301F-11D3-BF4B-00C04F79EFBC}") = "Zarva", "Zarva\Zarva.csproj", "{E59140E2-6AA3-42A5-88AD-1F599F58EC75}"
EndProject
Global
	GlobalSection(SolutionConfigurationPlatforms) = preSolution
		Debug|Any CPU = Debug|Any CPU
		Release|Any CPU = Release|Any CPU
	EndGlobalSection
	GlobalSection(ProjectConfigurationPlatforms) = postSolution
		{E59140E2-6AA3-42A5-88AD-1F599F58EC75}.Debug|Any CPU.ActiveCfg = Debug|Any CPU
		{E59140E2-6AA3-42A5-88AD-1F599F58EC75}.Debug|Any CPU.Build.0 = Debug|Any CPU
		{E59140E2-6AA3-42A5-88AD-1F599F58EC75}.Release|Any CPU.ActiveCfg = Release|Any CPU
		{E59140E2-6AA3-42A5-88AD-1F599F58EC75}.Release|Any CPU.Build.0 = Release|Any CPU
	EndGlobalSection
	GlobalSection(SolutionProperties) = preSolution
		HideSolutionNode = FALSE
	EndGlobalSection
	GlobalSection(ExtensibilityGlobals) = postSolution
		SolutionGuid = {1A4ADD87-08CD-4856-A8C5-42F37423E33E}
	EndGlobalSection
EndGlobal
