
Microsoft Visual Studio Solution File, Format Version 12.00
# Visual Studio 15
VisualStudioVersion = 15.0.35213.121
MinimumVisualStudioVersion = 10.0.40219.1
Project("{FAE04EC0-301F-11D3-BF4B-00C04F79EFBC}") = "Polynomial", "Polynomial\Polynomial.csproj", "{196572DE-54A7-4E97-9AB1-99B0477959AF}"
EndProject
Global
	GlobalSection(SolutionConfigurationPlatforms) = preSolution
		Debug|Any CPU = Debug|Any CPU
		Release|Any CPU = Release|Any CPU
	EndGlobalSection
	GlobalSection(ProjectConfigurationPlatforms) = postSolution
		{196572DE-54A7-4E97-9AB1-99B0477959AF}.Debug|Any CPU.ActiveCfg = Debug|Any CPU
		{196572DE-54A7-4E97-9AB1-99B0477959AF}.Debug|Any CPU.Build.0 = Debug|Any CPU
		{196572DE-54A7-4E97-9AB1-99B0477959AF}.Release|Any CPU.ActiveCfg = Release|Any CPU
		{196572DE-54A7-4E97-9AB1-99B0477959AF}.Release|Any CPU.Build.0 = Release|Any CPU
	EndGlobalSection
	GlobalSection(SolutionProperties) = preSolution
		HideSolutionNode = FALSE
	EndGlobalSection
	GlobalSection(ExtensibilityGlobals) = postSolution
		SolutionGuid = {F753B253-6280-4D1A-B41C-58693EBDB65D}
	EndGlobalSection
EndGlobal
