
Microsoft Visual Studio Solution File, Format Version 12.00
# Visual Studio 15
VisualStudioVersion = 15.0.35213.121
MinimumVisualStudioVersion = 10.0.40219.1
Project("{FAE04EC0-301F-11D3-BF4B-00C04F79EFBC}") = "SumOfPrimeNumbers", "SumOfPrimeNumbers\SumOfPrimeNumbers.csproj", "{18C13A79-F24A-452D-A330-DE284DF8ED56}"
EndProject
Global
	GlobalSection(SolutionConfigurationPlatforms) = preSolution
		Debug|Any CPU = Debug|Any CPU
		Release|Any CPU = Release|Any CPU
	EndGlobalSection
	GlobalSection(ProjectConfigurationPlatforms) = postSolution
		{18C13A79-F24A-452D-A330-DE284DF8ED56}.Debug|Any CPU.ActiveCfg = Debug|Any CPU
		{18C13A79-F24A-452D-A330-DE284DF8ED56}.Debug|Any CPU.Build.0 = Debug|Any CPU
		{18C13A79-F24A-452D-A330-DE284DF8ED56}.Release|Any CPU.ActiveCfg = Release|Any CPU
		{18C13A79-F24A-452D-A330-DE284DF8ED56}.Release|Any CPU.Build.0 = Release|Any CPU
	EndGlobalSection
	GlobalSection(SolutionProperties) = preSolution
		HideSolutionNode = FALSE
	EndGlobalSection
	GlobalSection(ExtensibilityGlobals) = postSolution
		SolutionGuid = {497906E6-E103-4C06-94E9-41FAE7174535}
	EndGlobalSection
EndGlobal
