
Microsoft Visual Studio Solution File, Format Version 12.00
# Visual Studio 15
VisualStudioVersion = 15.0.35213.121
MinimumVisualStudioVersion = 10.0.40219.1
Project("{FAE04EC0-301F-11D3-BF4B-00C04F79EFBC}") = "ArrayArrangement", "ArrayArrangement\ArrayArrangement.csproj", "{1F38BE7B-924E-41D2-8E1D-F9AE8CD994AC}"
EndProject
Global
	GlobalSection(SolutionConfigurationPlatforms) = preSolution
		Debug|Any CPU = Debug|Any CPU
		Release|Any CPU = Release|Any CPU
	EndGlobalSection
	GlobalSection(ProjectConfigurationPlatforms) = postSolution
		{1F38BE7B-924E-41D2-8E1D-F9AE8CD994AC}.Debug|Any CPU.ActiveCfg = Debug|Any CPU
		{1F38BE7B-924E-41D2-8E1D-F9AE8CD994AC}.Debug|Any CPU.Build.0 = Debug|Any CPU
		{1F38BE7B-924E-41D2-8E1D-F9AE8CD994AC}.Release|Any CPU.ActiveCfg = Release|Any CPU
		{1F38BE7B-924E-41D2-8E1D-F9AE8CD994AC}.Release|Any CPU.Build.0 = Release|Any CPU
	EndGlobalSection
	GlobalSection(SolutionProperties) = preSolution
		HideSolutionNode = FALSE
	EndGlobalSection
	GlobalSection(ExtensibilityGlobals) = postSolution
		SolutionGuid = {2F4720F2-21C9-4D70-9B62-624F06DFC6EC}
	EndGlobalSection
EndGlobal
