
Microsoft Visual Studio Solution File, Format Version 12.00
# Visual Studio 15
VisualStudioVersion = 15.0.35213.121
MinimumVisualStudioVersion = 10.0.40219.1
Project("{FAE04EC0-301F-11D3-BF4B-00C04F79EFBC}") = "UMLS", "UMLS\UMLS.csproj", "{11DAD556-A42A-47B0-AF3D-3CA7A095CA06}"
EndProject
Global
	GlobalSection(SolutionConfigurationPlatforms) = preSolution
		Debug|Any CPU = Debug|Any CPU
		Release|Any CPU = Release|Any CPU
	EndGlobalSection
	GlobalSection(ProjectConfigurationPlatforms) = postSolution
		{11DAD556-A42A-47B0-AF3D-3CA7A095CA06}.Debug|Any CPU.ActiveCfg = Debug|Any CPU
		{11DAD556-A42A-47B0-AF3D-3CA7A095CA06}.Debug|Any CPU.Build.0 = Debug|Any CPU
		{11DAD556-A42A-47B0-AF3D-3CA7A095CA06}.Release|Any CPU.ActiveCfg = Release|Any CPU
		{11DAD556-A42A-47B0-AF3D-3CA7A095CA06}.Release|Any CPU.Build.0 = Release|Any CPU
	EndGlobalSection
	GlobalSection(SolutionProperties) = preSolution
		HideSolutionNode = FALSE
	EndGlobalSection
	GlobalSection(ExtensibilityGlobals) = postSolution
		SolutionGuid = {CF3BA1C4-E472-4584-AC10-B4327A5C9339}
	EndGlobalSection
EndGlobal
